// !$*UTF8*$!
{
	archiveVersion = 1;
	classes = {
	};
	objectVersion = 50;
	objects = {

/* Begin PBXBuildFile section */
		B6EF054C20ED76B800ACE2AD /* AppDelegate.swift in Sources */ = {isa = PBXBuildFile; fileRef = B6EF054B20ED76B800ACE2AD /* AppDelegate.swift */; };
		B6EF055120ED76B800ACE2AD /* Main.storyboard in Resources */ = {isa = PBXBuildFile; fileRef = B6EF054F20ED76B800ACE2AD /* Main.storyboard */; };
		B6EF055320ED76BA00ACE2AD /* Assets.xcassets in Resources */ = {isa = PBXBuildFile; fileRef = B6EF055220ED76BA00ACE2AD /* Assets.xcassets */; };
		B6EF055620ED76BA00ACE2AD /* LaunchScreen.storyboard in Resources */ = {isa = PBXBuildFile; fileRef = B6EF055420ED76BA00ACE2AD /* LaunchScreen.storyboard */; };
		B6EF056620ED7CFD00ACE2AD /* EntryTableViewController.swift in Sources */ = {isa = PBXBuildFile; fileRef = B6EF056520ED7CFD00ACE2AD /* EntryTableViewController.swift */; };
		B6EF056820ED7D5F00ACE2AD /* EntryController.swift in Sources */ = {isa = PBXBuildFile; fileRef = B6EF056720ED7D5F00ACE2AD /* EntryController.swift */; };
		B6EF056A20ED7D6F00ACE2AD /* Entry.swift in Sources */ = {isa = PBXBuildFile; fileRef = B6EF056920ED7D6F00ACE2AD /* Entry.swift */; };
		B6EF056E20ED816000ACE2AD /* DetailViewController.swift in Sources */ = {isa = PBXBuildFile; fileRef = B6EF056D20ED816000ACE2AD /* DetailViewController.swift */; };
		B6EF057020ED873900ACE2AD /* Date.swift in Sources */ = {isa = PBXBuildFile; fileRef = B6EF056F20ED873900ACE2AD /* Date.swift */; };
/* End PBXBuildFile section */

/* Begin PBXFileReference section */
		B6EF054820ED76B800ACE2AD /* Journal.app */ = {isa = PBXFileReference; explicitFileType = wrapper.application; includeInIndex = 0; path = Journal.app; sourceTree = BUILT_PRODUCTS_DIR; };
		B6EF054B20ED76B800ACE2AD /* AppDelegate.swift */ = {isa = PBXFileReference; lastKnownFileType = sourcecode.swift; path = AppDelegate.swift; sourceTree = "<group>"; };
		B6EF055020ED76B800ACE2AD /* Base */ = {isa = PBXFileReference; lastKnownFileType = file.storyboard; name = Base; path = Base.lproj/Main.storyboard; sourceTree = "<group>"; };
		B6EF055220ED76BA00ACE2AD /* Assets.xcassets */ = {isa = PBXFileReference; lastKnownFileType = folder.assetcatalog; path = Assets.xcassets; sourceTree = "<group>"; };
		B6EF055520ED76BA00ACE2AD /* Base */ = {isa = PBXFileReference; lastKnownFileType = file.storyboard; name = Base; path = Base.lproj/LaunchScreen.storyboard; sourceTree = "<group>"; };
		B6EF055720ED76BA00ACE2AD /* Info.plist */ = {isa = PBXFileReference; lastKnownFileType = text.plist.xml; path = Info.plist; sourceTree = "<group>"; };
		B6EF056520ED7CFD00ACE2AD /* EntryTableViewController.swift */ = {isa = PBXFileReference; lastKnownFileType = sourcecode.swift; path = EntryTableViewController.swift; sourceTree = "<group>"; };
		B6EF056720ED7D5F00ACE2AD /* EntryController.swift */ = {isa = PBXFileReference; lastKnownFileType = sourcecode.swift; path = EntryController.swift; sourceTree = "<group>"; };
		B6EF056920ED7D6F00ACE2AD /* Entry.swift */ = {isa = PBXFileReference; lastKnownFileType = sourcecode.swift; path = Entry.swift; sourceTree = "<group>"; };
		B6EF056D20ED816000ACE2AD /* DetailViewController.swift */ = {isa = PBXFileReference; lastKnownFileType = sourcecode.swift; path = DetailViewController.swift; sourceTree = "<group>"; };
		B6EF056F20ED873900ACE2AD /* Date.swift */ = {isa = PBXFileReference; lastKnownFileType = sourcecode.swift; path = Date.swift; sourceTree = "<group>"; };
/* End PBXFileReference section */

/* Begin PBXFrameworksBuildPhase section */
		B6EF054520ED76B800ACE2AD /* Frameworks */ = {
			isa = PBXFrameworksBuildPhase;
			buildActionMask = 2147483647;
			files = (
			);
			runOnlyForDeploymentPostprocessing = 0;
		};
/* End PBXFrameworksBuildPhase section */

/* Begin PBXGroup section */
		B6EF053F20ED76B800ACE2AD = {
			isa = PBXGroup;
			children = (
				B6EF054A20ED76B800ACE2AD /* Journal */,
				B6EF054920ED76B800ACE2AD /* Products */,
			);
			sourceTree = "<group>";
		};
		B6EF054920ED76B800ACE2AD /* Products */ = {
			isa = PBXGroup;
			children = (
				B6EF054820ED76B800ACE2AD /* Journal.app */,
			);
			name = Products;
			sourceTree = "<group>";
		};
		B6EF054A20ED76B800ACE2AD /* Journal */ = {
			isa = PBXGroup;
			children = (
				B6EF054B20ED76B800ACE2AD /* AppDelegate.swift */,
				B6EF055F20ED76E000ACE2AD /* Models */,
				B6EF055E20ED76D200ACE2AD /* View */,
				B6EF056320ED772400ACE2AD /* Controllers */,
				B6EF055D20ED76C100ACE2AD /* Resources */,
			);
			path = Journal;
			sourceTree = "<group>";
		};
		B6EF055D20ED76C100ACE2AD /* Resources */ = {
			isa = PBXGroup;
			children = (
				B6EF055220ED76BA00ACE2AD /* Assets.xcassets */,
				B6EF055420ED76BA00ACE2AD /* LaunchScreen.storyboard */,
				B6EF055720ED76BA00ACE2AD /* Info.plist */,
			);
			path = Resources;
			sourceTree = "<group>";
		};
		B6EF055E20ED76D200ACE2AD /* View */ = {
			isa = PBXGroup;
			children = (
				B6EF054F20ED76B800ACE2AD /* Main.storyboard */,
			);
			path = View;
			sourceTree = "<group>";
		};
		B6EF055F20ED76E000ACE2AD /* Models */ = {
			isa = PBXGroup;
			children = (
				B6EF056920ED7D6F00ACE2AD /* Entry.swift */,
				B6EF056F20ED873900ACE2AD /* Date.swift */,
			);
			path = Models;
			sourceTree = "<group>";
		};
		B6EF056220ED76FE00ACE2AD /* ModelController */ = {
			isa = PBXGroup;
			children = (
				B6EF056720ED7D5F00ACE2AD /* EntryController.swift */,
			);
			path = ModelController;
			sourceTree = "<group>";
		};
		B6EF056320ED772400ACE2AD /* Controllers */ = {
			isa = PBXGroup;
			children = (
				B6EF056420ED772A00ACE2AD /* ViewController */,
				B6EF056220ED76FE00ACE2AD /* ModelController */,
			);
			path = Controllers;
			sourceTree = "<group>";
		};
		B6EF056420ED772A00ACE2AD /* ViewController */ = {
			isa = PBXGroup;
			children = (
				B6EF056520ED7CFD00ACE2AD /* EntryTableViewController.swift */,
				B6EF056D20ED816000ACE2AD /* DetailViewController.swift */,
			);
			path = ViewController;
			sourceTree = "<group>";
		};
/* End PBXGroup section */

/* Begin PBXNativeTarget section */
		B6EF054720ED76B800ACE2AD /* Journal */ = {
			isa = PBXNativeTarget;
			buildConfigurationList = B6EF055A20ED76BA00ACE2AD /* Build configuration list for PBXNativeTarget "Journal" */;
			buildPhases = (
				B6EF054420ED76B800ACE2AD /* Sources */,
				B6EF054520ED76B800ACE2AD /* Frameworks */,
				B6EF054620ED76B800ACE2AD /* Resources */,
			);
			buildRules = (
			);
			dependencies = (
			);
			name = Journal;
			productName = Journal;
			productReference = B6EF054820ED76B800ACE2AD /* Journal.app */;
			productType = "com.apple.product-type.application";
		};
/* End PBXNativeTarget section */

/* Begin PBXProject section */
		B6EF054020ED76B800ACE2AD /* Project object */ = {
			isa = PBXProject;
			attributes = {
				LastSwiftUpdateCheck = 0940;
				LastUpgradeCheck = 0940;
				ORGANIZATIONNAME = "Zachary Frew";
				TargetAttributes = {
					B6EF054720ED76B800ACE2AD = {
						CreatedOnToolsVersion = 9.4.1;
					};
				};
			};
			buildConfigurationList = B6EF054320ED76B800ACE2AD /* Build configuration list for PBXProject "Journal" */;
			compatibilityVersion = "Xcode 9.3";
			developmentRegion = en;
			hasScannedForEncodings = 0;
			knownRegions = (
				en,
				Base,
			);
			mainGroup = B6EF053F20ED76B800ACE2AD;
			productRefGroup = B6EF054920ED76B800ACE2AD /* Products */;
			projectDirPath = "";
			projectRoot = "";
			targets = (
				B6EF054720ED76B800ACE2AD /* Journal */,
			);
		};
/* End PBXProject section */

/* Begin PBXResourcesBuildPhase section */
		B6EF054620ED76B800ACE2AD /* Resources */ = {
			isa = PBXResourcesBuildPhase;
			buildActionMask = 2147483647;
			files = (
				B6EF055620ED76BA00ACE2AD /* LaunchScreen.storyboard in Resources */,
				B6EF055320ED76BA00ACE2AD /* Assets.xcassets in Resources */,
				B6EF055120ED76B800ACE2AD /* Main.storyboard in Resources */,
			);
			runOnlyForDeploymentPostprocessing = 0;
		};
/* End PBXResourcesBuildPhase section */

/* Begin PBXSourcesBuildPhase section */
		B6EF054420ED76B800ACE2AD /* Sources */ = {
			isa = PBXSourcesBuildPhase;
			buildActionMask = 2147483647;
			files = (
				B6EF056A20ED7D6F00ACE2AD /* Entry.swift in Sources */,
				B6EF057020ED873900ACE2AD /* Date.swift in Sources */,
				B6EF056820ED7D5F00ACE2AD /* EntryController.swift in Sources */,
				B6EF056E20ED816000ACE2AD /* DetailViewController.swift in Sources */,
				B6EF056620ED7CFD00ACE2AD /* EntryTableViewController.swift in Sources */,
				B6EF054C20ED76B800ACE2AD /* AppDelegate.swift in Sources */,
			);
			runOnlyForDeploymentPostprocessing = 0;
		};
/* End PBXSourcesBuildPhase section */

/* Begin PBXVariantGroup section */
		B6EF054F20ED76B800ACE2AD /* Main.storyboard */ = {
			isa = PBXVariantGroup;
			children = (
				B6EF055020ED76B800ACE2AD /* Base */,
			);
			name = Main.storyboard;
			sourceTree = "<group>";
		};
		B6EF055420ED76BA00ACE2AD /* LaunchScreen.storyboard */ = {
			isa = PBXVariantGroup;
			children = (
				B6EF055520ED76BA00ACE2AD /* Base */,
			);
			name = LaunchScreen.storyboard;
			sourceTree = "<group>";
		};
/* End PBXVariantGroup section */

/* Begin XCBuildConfiguration section */
		B6EF055820ED76BA00ACE2AD /* Debug */ = {
			isa = XCBuildConfiguration;
			buildSettings = {
				ALWAYS_SEARCH_USER_PATHS = NO;
				CLANG_ANALYZER_NONNULL = YES;
				CLANG_ANALYZER_NUMBER_OBJECT_CONVERSION = YES_AGGRESSIVE;
				CLANG_CXX_LANGUAGE_STANDARD = "gnu++14";
				CLANG_CXX_LIBRARY = "libc++";
				CLANG_ENABLE_MODULES = YES;
				CLANG_ENABLE_OBJC_ARC = YES;
				CLANG_ENABLE_OBJC_WEAK = YES;
				CLANG_WARN_BLOCK_CAPTURE_AUTORELEASING = YES;
				CLANG_WARN_BOOL_CONVERSION = YES;
				CLANG_WARN_COMMA = YES;
				CLANG_WARN_CONSTANT_CONVERSION = YES;
				CLANG_WARN_DEPRECATED_OBJC_IMPLEMENTATIONS = YES;
				CLANG_WARN_DIRECT_OBJC_ISA_USAGE = YES_ERROR;
				CLANG_WARN_DOCUMENTATION_COMMENTS = YES;
				CLANG_WARN_EMPTY_BODY = YES;
				CLANG_WARN_ENUM_CONVERSION = YES;
				CLANG_WARN_INFINITE_RECURSION = YES;
				CLANG_WARN_INT_CONVERSION = YES;
				CLANG_WARN_NON_LITERAL_NULL_CONVERSION = YES;
				CLANG_WARN_OBJC_IMPLICIT_RETAIN_SELF = YES;
				CLANG_WARN_OBJC_LITERAL_CONVERSION = YES;
				CLANG_WARN_OBJC_ROOT_CLASS = YES_ERROR;
				CLANG_WARN_RANGE_LOOP_ANALYSIS = YES;
				CLANG_WARN_STRICT_PROTOTYPES = YES;
				CLANG_WARN_SUSPICIOUS_MOVE = YES;
				CLANG_WARN_UNGUARDED_AVAILABILITY = YES_AGGRESSIVE;
				CLANG_WARN_UNREACHABLE_CODE = YES;
				CLANG_WARN__DUPLICATE_METHOD_MATCH = YES;
				CODE_SIGN_IDENTITY = "iPhone Developer";
				COPY_PHASE_STRIP = NO;
				DEBUG_INFORMATION_FORMAT = dwarf;
				ENABLE_STRICT_OBJC_MSGSEND = YES;
				ENABLE_TESTABILITY = YES;
				GCC_C_LANGUAGE_STANDARD = gnu11;
				GCC_DYNAMIC_NO_PIC = NO;
				GCC_NO_COMMON_BLOCKS = YES;
				GCC_OPTIMIZATION_LEVEL = 0;
				GCC_PREPROCESSOR_DEFINITIONS = (
					"DEBUG=1",
					"$(inherited)",
				);
				GCC_WARN_64_TO_32_BIT_CONVERSION = YES;
				GCC_WARN_ABOUT_RETURN_TYPE = YES_ERROR;
				GCC_WARN_UNDECLARED_SELECTOR = YES;
				GCC_WARN_UNINITIALIZED_AUTOS = YES_AGGRESSIVE;
				GCC_WARN_UNUSED_FUNCTION = YES;
				GCC_WARN_UNUSED_VARIABLE = YES;
				IPHONEOS_DEPLOYMENT_TARGET = 11.4;
				MTL_ENABLE_DEBUG_INFO = YES;
				ONLY_ACTIVE_ARCH = YES;
				SDKROOT = iphoneos;
				SWIFT_ACTIVE_COMPILATION_CONDITIONS = DEBUG;
				SWIFT_OPTIMIZATION_LEVEL = "-Onone";
			};
			name = Debug;
		};
		B6EF055920ED76BA00ACE2AD /* Release */ = {
			isa = XCBuildConfiguration;
			buildSettings = {
				ALWAYS_SEARCH_USER_PATHS = NO;
				CLANG_ANALYZER_NONNULL = YES;
				CLANG_ANALYZER_NUMBER_OBJECT_CONVERSION = YES_AGGRESSIVE;
				CLANG_CXX_LANGUAGE_STANDARD = "gnu++14";
				CLANG_CXX_LIBRARY = "libc++";
				CLANG_ENABLE_MODULES = YES;
				CLANG_ENABLE_OBJC_ARC = YES;
				CLANG_ENABLE_OBJC_WEAK = YES;
				CLANG_WARN_BLOCK_CAPTURE_AUTORELEASING = YES;
				CLANG_WARN_BOOL_CONVERSION = YES;
				CLANG_WARN_COMMA = YES;
				CLANG_WARN_CONSTANT_CONVERSION = YES;
				CLANG_WARN_DEPRECATED_OBJC_IMPLEMENTATIONS = YES;
				CLANG_WARN_DIRECT_OBJC_ISA_USAGE = YES_ERROR;
				CLANG_WARN_DOCUMENTATION_COMMENTS = YES;
				CLANG_WARN_EMPTY_BODY = YES;
				CLANG_WARN_ENUM_CONVERSION = YES;
				CLANG_WARN_INFINITE_RECURSION = YES;
				CLANG_WARN_INT_CONVERSION = YES;
				CLANG_WARN_NON_LITERAL_NULL_CONVERSION = YES;
				CLANG_WARN_OBJC_IMPLICIT_RETAIN_SELF = YES;
				CLANG_WARN_OBJC_LITERAL_CONVERSION = YES;
				CLANG_WARN_OBJC_ROOT_CLASS = YES_ERROR;
				CLANG_WARN_RANGE_LOOP_ANALYSIS = YES;
				CLANG_WARN_STRICT_PROTOTYPES = YES;
				CLANG_WARN_SUSPICIOUS_MOVE = YES;
				CLANG_WARN_UNGUARDED_AVAILABILITY = YES_AGGRESSIVE;
				CLANG_WARN_UNREACHABLE_CODE = YES;
				CLANG_WARN__DUPLICATE_METHOD_MATCH = YES;
				CODE_SIGN_IDENTITY = "iPhone Developer";
				COPY_PHASE_STRIP = NO;
				DEBUG_INFORMATION_FORMAT = "dwarf-with-dsym";
				ENABLE_NS_ASSERTIONS = NO;
				ENABLE_STRICT_OBJC_MSGSEND = YES;
				GCC_C_LANGUAGE_STANDARD = gnu11;
				GCC_NO_COMMON_BLOCKS = YES;
				GCC_WARN_64_TO_32_BIT_CONVERSION = YES;
				GCC_WARN_ABOUT_RETURN_TYPE = YES_ERROR;
				GCC_WARN_UNDECLARED_SELECTOR = YES;
				GCC_WARN_UNINITIALIZED_AUTOS = YES_AGGRESSIVE;
				GCC_WARN_UNUSED_FUNCTION = YES;
				GCC_WARN_UNUSED_VARIABLE = YES;
				IPHONEOS_DEPLOYMENT_TARGET = 11.4;
				MTL_ENABLE_DEBUG_INFO = NO;
				SDKROOT = iphoneos;
				SWIFT_COMPILATION_MODE = wholemodule;
				SWIFT_OPTIMIZATION_LEVEL = "-O";
				VALIDATE_PRODUCT = YES;
			};
			name = Release;
		};
		B6EF055B20ED76BA00ACE2AD /* Debug */ = {
			isa = XCBuildConfiguration;
			buildSettings = {
				ASSETCATALOG_COMPILER_APPICON_NAME = AppIcon;
				CODE_SIGN_STYLE = Automatic;
				DEVELOPMENT_TEAM = PKK87S6JNY;
				INFOPLIST_FILE = "$(SRCROOT)/Journal/Resources/Info.plist";
				LD_RUNPATH_SEARCH_PATHS = (
					"$(inherited)",
					"@executable_path/Frameworks",
				);
				PRODUCT_BUNDLE_IDENTIFIER = com.zachfrew.Journal;
				PRODUCT_NAME = "$(TARGET_NAME)";
				SWIFT_VERSION = 4.0;
				TARGETED_DEVICE_FAMILY = "1,2";
			};
			name = Debug;
		};
		B6EF055C20ED76BA00ACE2AD /* Release */ = {
			isa = XCBuildConfiguration;
			buildSettings = {
				ASSETCATALOG_COMPILER_APPICON_NAME = AppIcon;
				CODE_SIGN_STYLE = Automatic;
				DEVELOPMENT_TEAM = PKK87S6JNY;
				INFOPLIST_FILE = "$(SRCROOT)/Journal/Resources/Info.plist";
				LD_RUNPATH_SEARCH_PATHS = (
					"$(inherited)",
					"@executable_path/Frameworks",
				);
				PRODUCT_BUNDLE_IDENTIFIER = com.zachfrew.Journal;
				PRODUCT_NAME = "$(TARGET_NAME)";
				SWIFT_VERSION = 4.0;
				TARGETED_DEVICE_FAMILY = "1,2";
			};
			name = Release;
		};
/* End XCBuildConfiguration section */

/* Begin XCConfigurationList section */
		B6EF054320ED76B800ACE2AD /* Build configuration list for PBXProject "Journal" */ = {
			isa = XCConfigurationList;
			buildConfigurations = (
				B6EF055820ED76BA00ACE2AD /* Debug */,
				B6EF055920ED76BA00ACE2AD /* Release */,
			);
			defaultConfigurationIsVisible = 0;
			defaultConfigurationName = Release;
		};
		B6EF055A20ED76BA00ACE2AD /* Build configuration list for PBXNativeTarget "Journal" */ = {
			isa = XCConfigurationList;
			buildConfigurations = (
				B6EF055B20ED76BA00ACE2AD /* Debug */,
				B6EF055C20ED76BA00ACE2AD /* Release */,
			);
			defaultConfigurationIsVisible = 0;
			defaultConfigurationName = Release;
		};
/* End XCConfigurationList section */
	};
	rootObject = B6EF054020ED76B800ACE2AD /* Project object */;
}
